
Microsoft Visual Studio Solution File, Format Version 12.00
# Visual Studio 15
VisualStudioVersion = 15.0.26730.15
MinimumVisualStudioVersion = 10.0.40219.1
Project("{8BC9CEB8-8B4A-11D0-8D11-00A0C91BC942}") = "1118_Hello NTUST", "1118_Hello NTUST\1118_Hello NTUST.vcxproj", "{26393721-3F91-41A5-9467-6B6B71ED8282}"
EndProject
Global
	GlobalSection(SolutionConfigurationPlatforms) = preSolution
		Debug|x64 = Debug|x64
		Debug|x86 = Debug|x86
		Release|x64 = Release|x64
		Release|x86 = Release|x86
	EndGlobalSection
	GlobalSection(ProjectConfigurationPlatforms) = postSolution
		{26393721-3F91-41A5-9467-6B6B71ED8282}.Debug|x64.ActiveCfg = Debug|x64
		{26393721-3F91-41A5-9467-6B6B71ED8282}.Debug|x64.Build.0 = Debug|x64
		{26393721-3F91-41A5-9467-6B6B71ED8282}.Debug|x86.ActiveCfg = Debug|Win32
		{26393721-3F91-41A5-9467-6B6B71ED8282}.Debug|x86.Build.0 = Debug|Win32
		{26393721-3F91-41A5-9467-6B6B71ED8282}.Release|x64.ActiveCfg = Release|x64
		{26393721-3F91-41A5-9467-6B6B71ED8282}.Release|x64.Build.0 = Release|x64
		{26393721-3F91-41A5-9467-6B6B71ED8282}.Release|x86.ActiveCfg = Release|Win32
		{26393721-3F91-41A5-9467-6B6B71ED8282}.Release|x86.Build.0 = Release|Win32
	EndGlobalSection
	GlobalSection(SolutionProperties) = preSolution
		HideSolutionNode = FALSE
	EndGlobalSection
	GlobalSection(ExtensibilityGlobals) = postSolution
		SolutionGuid = {AC7DC78E-A9D6-423D-8DA7-156C1F92294A}
	EndGlobalSection
EndGlobal
