
Microsoft Visual Studio Solution File, Format Version 12.00
# Visual Studio 15
VisualStudioVersion = 15.0.26730.15
MinimumVisualStudioVersion = 10.0.40219.1
Project("{8BC9CEB8-8B4A-11D0-8D11-00A0C91BC942}") = "1186_Guess four digits numbers", "1186_Guess four digits numbers\1186_Guess four digits numbers.vcxproj", "{86D518A8-8FD1-4A6F-82BD-BA532FEAD67D}"
EndProject
Global
	GlobalSection(SolutionConfigurationPlatforms) = preSolution
		Debug|x64 = Debug|x64
		Debug|x86 = Debug|x86
		Release|x64 = Release|x64
		Release|x86 = Release|x86
	EndGlobalSection
	GlobalSection(ProjectConfigurationPlatforms) = postSolution
		{86D518A8-8FD1-4A6F-82BD-BA532FEAD67D}.Debug|x64.ActiveCfg = Debug|x64
		{86D518A8-8FD1-4A6F-82BD-BA532FEAD67D}.Debug|x64.Build.0 = Debug|x64
		{86D518A8-8FD1-4A6F-82BD-BA532FEAD67D}.Debug|x86.ActiveCfg = Debug|Win32
		{86D518A8-8FD1-4A6F-82BD-BA532FEAD67D}.Debug|x86.Build.0 = Debug|Win32
		{86D518A8-8FD1-4A6F-82BD-BA532FEAD67D}.Release|x64.ActiveCfg = Release|x64
		{86D518A8-8FD1-4A6F-82BD-BA532FEAD67D}.Release|x64.Build.0 = Release|x64
		{86D518A8-8FD1-4A6F-82BD-BA532FEAD67D}.Release|x86.ActiveCfg = Release|Win32
		{86D518A8-8FD1-4A6F-82BD-BA532FEAD67D}.Release|x86.Build.0 = Release|Win32
	EndGlobalSection
	GlobalSection(SolutionProperties) = preSolution
		HideSolutionNode = FALSE
	EndGlobalSection
	GlobalSection(ExtensibilityGlobals) = postSolution
		SolutionGuid = {25296902-F5EE-49FB-979A-1B373BB95305}
	EndGlobalSection
EndGlobal
