
Microsoft Visual Studio Solution File, Format Version 12.00
# Visual Studio 15
VisualStudioVersion = 15.0.27004.2010
MinimumVisualStudioVersion = 10.0.40219.1
Project("{8BC9CEB8-8B4A-11D0-8D11-00A0C91BC942}") = "1234_textBasedHistogram", "1234_textBasedHistogram\1234_textBasedHistogram.vcxproj", "{BF6938FF-6555-4CEE-AB27-D099378FF0CC}"
EndProject
Global
	GlobalSection(SolutionConfigurationPlatforms) = preSolution
		Debug|x64 = Debug|x64
		Debug|x86 = Debug|x86
		Release|x64 = Release|x64
		Release|x86 = Release|x86
	EndGlobalSection
	GlobalSection(ProjectConfigurationPlatforms) = postSolution
		{BF6938FF-6555-4CEE-AB27-D099378FF0CC}.Debug|x64.ActiveCfg = Debug|x64
		{BF6938FF-6555-4CEE-AB27-D099378FF0CC}.Debug|x64.Build.0 = Debug|x64
		{BF6938FF-6555-4CEE-AB27-D099378FF0CC}.Debug|x86.ActiveCfg = Debug|Win32
		{BF6938FF-6555-4CEE-AB27-D099378FF0CC}.Debug|x86.Build.0 = Debug|Win32
		{BF6938FF-6555-4CEE-AB27-D099378FF0CC}.Release|x64.ActiveCfg = Release|x64
		{BF6938FF-6555-4CEE-AB27-D099378FF0CC}.Release|x64.Build.0 = Release|x64
		{BF6938FF-6555-4CEE-AB27-D099378FF0CC}.Release|x86.ActiveCfg = Release|Win32
		{BF6938FF-6555-4CEE-AB27-D099378FF0CC}.Release|x86.Build.0 = Release|Win32
	EndGlobalSection
	GlobalSection(SolutionProperties) = preSolution
		HideSolutionNode = FALSE
	EndGlobalSection
	GlobalSection(ExtensibilityGlobals) = postSolution
		SolutionGuid = {442684AC-A3DD-4B02-B5CC-D8136D131CC9}
	EndGlobalSection
EndGlobal
