
Microsoft Visual Studio Solution File, Format Version 12.00
# Visual Studio 15
VisualStudioVersion = 15.0.26730.15
MinimumVisualStudioVersion = 10.0.40219.1
Project("{8BC9CEB8-8B4A-11D0-8D11-00A0C91BC942}") = "1178_Midterm_2", "1178_Midterm_2\1178_Midterm_2.vcxproj", "{1C6B433C-DF28-490C-BBBE-8445847283C5}"
EndProject
Global
	GlobalSection(SolutionConfigurationPlatforms) = preSolution
		Debug|x64 = Debug|x64
		Debug|x86 = Debug|x86
		Release|x64 = Release|x64
		Release|x86 = Release|x86
	EndGlobalSection
	GlobalSection(ProjectConfigurationPlatforms) = postSolution
		{1C6B433C-DF28-490C-BBBE-8445847283C5}.Debug|x64.ActiveCfg = Debug|x64
		{1C6B433C-DF28-490C-BBBE-8445847283C5}.Debug|x64.Build.0 = Debug|x64
		{1C6B433C-DF28-490C-BBBE-8445847283C5}.Debug|x86.ActiveCfg = Debug|Win32
		{1C6B433C-DF28-490C-BBBE-8445847283C5}.Debug|x86.Build.0 = Debug|Win32
		{1C6B433C-DF28-490C-BBBE-8445847283C5}.Release|x64.ActiveCfg = Release|x64
		{1C6B433C-DF28-490C-BBBE-8445847283C5}.Release|x64.Build.0 = Release|x64
		{1C6B433C-DF28-490C-BBBE-8445847283C5}.Release|x86.ActiveCfg = Release|Win32
		{1C6B433C-DF28-490C-BBBE-8445847283C5}.Release|x86.Build.0 = Release|Win32
	EndGlobalSection
	GlobalSection(SolutionProperties) = preSolution
		HideSolutionNode = FALSE
	EndGlobalSection
	GlobalSection(ExtensibilityGlobals) = postSolution
		SolutionGuid = {ABAFA4BA-E8A1-4D4C-A763-BC28C96DE8B3}
	EndGlobalSection
EndGlobal
