
Microsoft Visual Studio Solution File, Format Version 12.00
# Visual Studio 15
VisualStudioVersion = 15.0.27004.2010
MinimumVisualStudioVersion = 10.0.40219.1
Project("{8BC9CEB8-8B4A-11D0-8D11-00A0C91BC942}") = "1208_Final_Practice_Dual Encrypt", "1208_Final_Practice_Dual Encrypt\1208_Final_Practice_Dual Encrypt.vcxproj", "{FD0F90DE-B50A-4448-91F6-89C397AD52B2}"
EndProject
Global
	GlobalSection(SolutionConfigurationPlatforms) = preSolution
		Debug|x64 = Debug|x64
		Debug|x86 = Debug|x86
		Release|x64 = Release|x64
		Release|x86 = Release|x86
	EndGlobalSection
	GlobalSection(ProjectConfigurationPlatforms) = postSolution
		{FD0F90DE-B50A-4448-91F6-89C397AD52B2}.Debug|x64.ActiveCfg = Debug|x64
		{FD0F90DE-B50A-4448-91F6-89C397AD52B2}.Debug|x64.Build.0 = Debug|x64
		{FD0F90DE-B50A-4448-91F6-89C397AD52B2}.Debug|x86.ActiveCfg = Debug|Win32
		{FD0F90DE-B50A-4448-91F6-89C397AD52B2}.Debug|x86.Build.0 = Debug|Win32
		{FD0F90DE-B50A-4448-91F6-89C397AD52B2}.Release|x64.ActiveCfg = Release|x64
		{FD0F90DE-B50A-4448-91F6-89C397AD52B2}.Release|x64.Build.0 = Release|x64
		{FD0F90DE-B50A-4448-91F6-89C397AD52B2}.Release|x86.ActiveCfg = Release|Win32
		{FD0F90DE-B50A-4448-91F6-89C397AD52B2}.Release|x86.Build.0 = Release|Win32
	EndGlobalSection
	GlobalSection(SolutionProperties) = preSolution
		HideSolutionNode = FALSE
	EndGlobalSection
	GlobalSection(ExtensibilityGlobals) = postSolution
		SolutionGuid = {57CA5F4A-6C3B-42EE-A344-EEEB709EEA97}
	EndGlobalSection
EndGlobal
