
Microsoft Visual Studio Solution File, Format Version 12.00
# Visual Studio 15
VisualStudioVersion = 15.0.27428.2015
MinimumVisualStudioVersion = 10.0.40219.1
Project("{8BC9CEB8-8B4A-11D0-8D11-00A0C91BC942}") = "1246_Reversal", "1246_Reversal\1246_Reversal.vcxproj", "{870D7FBC-A1F7-4CA2-A73F-080F2E51DC7A}"
EndProject
Global
	GlobalSection(SolutionConfigurationPlatforms) = preSolution
		Debug|x64 = Debug|x64
		Debug|x86 = Debug|x86
		Release|x64 = Release|x64
		Release|x86 = Release|x86
	EndGlobalSection
	GlobalSection(ProjectConfigurationPlatforms) = postSolution
		{870D7FBC-A1F7-4CA2-A73F-080F2E51DC7A}.Debug|x64.ActiveCfg = Debug|x64
		{870D7FBC-A1F7-4CA2-A73F-080F2E51DC7A}.Debug|x64.Build.0 = Debug|x64
		{870D7FBC-A1F7-4CA2-A73F-080F2E51DC7A}.Debug|x86.ActiveCfg = Debug|Win32
		{870D7FBC-A1F7-4CA2-A73F-080F2E51DC7A}.Debug|x86.Build.0 = Debug|Win32
		{870D7FBC-A1F7-4CA2-A73F-080F2E51DC7A}.Release|x64.ActiveCfg = Release|x64
		{870D7FBC-A1F7-4CA2-A73F-080F2E51DC7A}.Release|x64.Build.0 = Release|x64
		{870D7FBC-A1F7-4CA2-A73F-080F2E51DC7A}.Release|x86.ActiveCfg = Release|Win32
		{870D7FBC-A1F7-4CA2-A73F-080F2E51DC7A}.Release|x86.Build.0 = Release|Win32
	EndGlobalSection
	GlobalSection(SolutionProperties) = preSolution
		HideSolutionNode = FALSE
	EndGlobalSection
	GlobalSection(ExtensibilityGlobals) = postSolution
		SolutionGuid = {2076270D-7632-4610-A61C-3E23A244A7CD}
	EndGlobalSection
EndGlobal
