
Microsoft Visual Studio Solution File, Format Version 12.00
# Visual Studio 15
VisualStudioVersion = 15.0.27428.2015
MinimumVisualStudioVersion = 10.0.40219.1
Project("{8BC9CEB8-8B4A-11D0-8D11-00A0C91BC942}") = "1244_FileCopy", "1244_FileCopy\1244_FileCopy.vcxproj", "{AB4DE06E-30C0-4B97-9A91-5053E032E911}"
EndProject
Global
	GlobalSection(SolutionConfigurationPlatforms) = preSolution
		Debug|x64 = Debug|x64
		Debug|x86 = Debug|x86
		Release|x64 = Release|x64
		Release|x86 = Release|x86
	EndGlobalSection
	GlobalSection(ProjectConfigurationPlatforms) = postSolution
		{AB4DE06E-30C0-4B97-9A91-5053E032E911}.Debug|x64.ActiveCfg = Debug|x64
		{AB4DE06E-30C0-4B97-9A91-5053E032E911}.Debug|x64.Build.0 = Debug|x64
		{AB4DE06E-30C0-4B97-9A91-5053E032E911}.Debug|x86.ActiveCfg = Debug|Win32
		{AB4DE06E-30C0-4B97-9A91-5053E032E911}.Debug|x86.Build.0 = Debug|Win32
		{AB4DE06E-30C0-4B97-9A91-5053E032E911}.Release|x64.ActiveCfg = Release|x64
		{AB4DE06E-30C0-4B97-9A91-5053E032E911}.Release|x64.Build.0 = Release|x64
		{AB4DE06E-30C0-4B97-9A91-5053E032E911}.Release|x86.ActiveCfg = Release|Win32
		{AB4DE06E-30C0-4B97-9A91-5053E032E911}.Release|x86.Build.0 = Release|Win32
	EndGlobalSection
	GlobalSection(SolutionProperties) = preSolution
		HideSolutionNode = FALSE
	EndGlobalSection
	GlobalSection(ExtensibilityGlobals) = postSolution
		SolutionGuid = {AE25EDDB-313D-4B84-B298-12A54A735AB4}
	EndGlobalSection
EndGlobal
